
Microsoft Visual Studio Solution File, Format Version 12.00
# Visual Studio 14
VisualStudioVersion = 14.0.25420.1
MinimumVisualStudioVersion = 10.0.40219.1
Project("{FAE04EC0-301F-11D3-BF4B-00C04F79EFBC}") = "UserGroupSkill", "UserGroupSkill.csproj", "{2573FAE3-2572-4F76-B0FE-6A0D123AB4BA}"
EndProject
Project("{FAE04EC0-301F-11D3-BF4B-00C04F79EFBC}") = "AlexaSkills.Tests", "..\AlexaSkills.Tests\AlexaSkills.Tests.csproj", "{A16E0AAB-7425-4F81-ADC9-C93F8C6F650B}"
EndProject
Global
	GlobalSection(SolutionConfigurationPlatforms) = preSolution
		Debug|Any CPU = Debug|Any CPU
		Release|Any CPU = Release|Any CPU
	EndGlobalSection
	GlobalSection(ProjectConfigurationPlatforms) = postSolution
		{2573FAE3-2572-4F76-B0FE-6A0D123AB4BA}.Debug|Any CPU.ActiveCfg = Debug|Any CPU
		{2573FAE3-2572-4F76-B0FE-6A0D123AB4BA}.Debug|Any CPU.Build.0 = Debug|Any CPU
		{2573FAE3-2572-4F76-B0FE-6A0D123AB4BA}.Release|Any CPU.ActiveCfg = Release|Any CPU
		{2573FAE3-2572-4F76-B0FE-6A0D123AB4BA}.Release|Any CPU.Build.0 = Release|Any CPU
		{A16E0AAB-7425-4F81-ADC9-C93F8C6F650B}.Debug|Any CPU.ActiveCfg = Debug|Any CPU
		{A16E0AAB-7425-4F81-ADC9-C93F8C6F650B}.Debug|Any CPU.Build.0 = Debug|Any CPU
		{A16E0AAB-7425-4F81-ADC9-C93F8C6F650B}.Release|Any CPU.ActiveCfg = Release|Any CPU
		{A16E0AAB-7425-4F81-ADC9-C93F8C6F650B}.Release|Any CPU.Build.0 = Release|Any CPU
	EndGlobalSection
	GlobalSection(SolutionProperties) = preSolution
		HideSolutionNode = FALSE
	EndGlobalSection
EndGlobal
